
Microsoft Visual Studio Solution File, Format Version 12.00
# Visual Studio Version 17
VisualStudioVersion = 17.0.31423.177
MinimumVisualStudioVersion = 10.0.40219.1
Project("{FAE04EC0-301F-11D3-BF4B-00C04F79EFBC}") = "DIO_CursoAPI", "DIO_CursoAPI\DIO_CursoAPI.csproj", "{2DE50BDC-E845-4257-9834-8A592D9CF10A}"
EndProject
Global
	GlobalSection(SolutionConfigurationPlatforms) = preSolution
		Debug|Any CPU = Debug|Any CPU
		Release|Any CPU = Release|Any CPU
	EndGlobalSection
	GlobalSection(ProjectConfigurationPlatforms) = postSolution
		{2DE50BDC-E845-4257-9834-8A592D9CF10A}.Debug|Any CPU.ActiveCfg = Debug|Any CPU
		{2DE50BDC-E845-4257-9834-8A592D9CF10A}.Debug|Any CPU.Build.0 = Debug|Any CPU
		{2DE50BDC-E845-4257-9834-8A592D9CF10A}.Release|Any CPU.ActiveCfg = Release|Any CPU
		{2DE50BDC-E845-4257-9834-8A592D9CF10A}.Release|Any CPU.Build.0 = Release|Any CPU
	EndGlobalSection
	GlobalSection(SolutionProperties) = preSolution
		HideSolutionNode = FALSE
	EndGlobalSection
	GlobalSection(ExtensibilityGlobals) = postSolution
		SolutionGuid = {355167E5-ED25-4050-98FE-4EF21F69CA3A}
	EndGlobalSection
EndGlobal
