
Microsoft Visual Studio Solution File, Format Version 12.00
# Visual Studio Version 17
VisualStudioVersion = 17.0.31423.177
MinimumVisualStudioVersion = 10.0.40219.1
Project("{9A19103F-16F7-4668-BE54-9A1E7A4F7556}") = "DIO_CursoAPI", "DIO_CursoAPI\DIO_CursoAPI.csproj", "{2DE50BDC-E845-4257-9834-8A592D9CF10A}"
EndProject
Project("{FAE04EC0-301F-11D3-BF4B-00C04F79EFBC}") = "DIO_CursoAPI_Teste", "DIO_CursoAPI_Teste\DIO_CursoAPI_Teste.csproj", "{8FED4CCF-8F9D-40BA-9FD8-610E6C49D97E}"
EndProject
Global
	GlobalSection(SolutionConfigurationPlatforms) = preSolution
		Debug|Any CPU = Debug|Any CPU
		Release|Any CPU = Release|Any CPU
	EndGlobalSection
	GlobalSection(ProjectConfigurationPlatforms) = postSolution
		{2DE50BDC-E845-4257-9834-8A592D9CF10A}.Debug|Any CPU.ActiveCfg = Debug|Any CPU
		{2DE50BDC-E845-4257-9834-8A592D9CF10A}.Debug|Any CPU.Build.0 = Debug|Any CPU
		{2DE50BDC-E845-4257-9834-8A592D9CF10A}.Release|Any CPU.ActiveCfg = Release|Any CPU
		{2DE50BDC-E845-4257-9834-8A592D9CF10A}.Release|Any CPU.Build.0 = Release|Any CPU
		{8FED4CCF-8F9D-40BA-9FD8-610E6C49D97E}.Debug|Any CPU.ActiveCfg = Debug|Any CPU
		{8FED4CCF-8F9D-40BA-9FD8-610E6C49D97E}.Debug|Any CPU.Build.0 = Debug|Any CPU
		{8FED4CCF-8F9D-40BA-9FD8-610E6C49D97E}.Release|Any CPU.ActiveCfg = Release|Any CPU
		{8FED4CCF-8F9D-40BA-9FD8-610E6C49D97E}.Release|Any CPU.Build.0 = Release|Any CPU
	EndGlobalSection
	GlobalSection(SolutionProperties) = preSolution
		HideSolutionNode = FALSE
	EndGlobalSection
	GlobalSection(ExtensibilityGlobals) = postSolution
		SolutionGuid = {355167E5-ED25-4050-98FE-4EF21F69CA3A}
	EndGlobalSection
EndGlobal
