
Microsoft Visual Studio Solution File, Format Version 12.00
# Visual Studio Version 16
VisualStudioVersion = 16.0.30804.86
MinimumVisualStudioVersion = 10.0.40219.1
Project("{FAE04EC0-301F-11D3-BF4B-00C04F79EFBC}") = "SalesWebMvc", "SalesWebMvc\SalesWebMvc.csproj", "{39F125C8-C6F9-4275-863A-A2EB8635AA15}"
EndProject
Global
	GlobalSection(SolutionConfigurationPlatforms) = preSolution
		Debug|Any CPU = Debug|Any CPU
		Release|Any CPU = Release|Any CPU
	EndGlobalSection
	GlobalSection(ProjectConfigurationPlatforms) = postSolution
		{39F125C8-C6F9-4275-863A-A2EB8635AA15}.Debug|Any CPU.ActiveCfg = Debug|Any CPU
		{39F125C8-C6F9-4275-863A-A2EB8635AA15}.Debug|Any CPU.Build.0 = Debug|Any CPU
		{39F125C8-C6F9-4275-863A-A2EB8635AA15}.Release|Any CPU.ActiveCfg = Release|Any CPU
		{39F125C8-C6F9-4275-863A-A2EB8635AA15}.Release|Any CPU.Build.0 = Release|Any CPU
	EndGlobalSection
	GlobalSection(SolutionProperties) = preSolution
		HideSolutionNode = FALSE
	EndGlobalSection
	GlobalSection(ExtensibilityGlobals) = postSolution
		SolutionGuid = {23091075-CB2D-4E77-BB0E-F02F1A7E35B2}
	EndGlobalSection
EndGlobal
